Microsoft Visual Studio Solution File, Format Version 11.00
# Visual Studio 2008

Project("{7CE11062-CFFD-D390-9FAA-F6A2AB2328B9}") = "Phasmarx", "Assembly-CSharp.csproj", "{A0DE1F91-0ABA-D0AE-862F-4046E360C078}"
EndProject
Global
	GlobalSection(SolutionConfigurationPlatforms) = preSolution
		Debug|Any CPU = Debug|Any CPU
		Release|Any CPU = Release|Any CPU
	EndGlobalSection
	GlobalSection(ProjectConfigurationPlatforms) = postSolution
		{A0DE1F91-0ABA-D0AE-862F-4046E360C078}.Debug|Any CPU.ActiveCfg = Debug|Any CPU
		{A0DE1F91-0ABA-D0AE-862F-4046E360C078}.Debug|Any CPU.Build.0 = Debug|Any CPU
		{A0DE1F91-0ABA-D0AE-862F-4046E360C078}.Release|Any CPU.ActiveCfg = Release|Any CPU
		{A0DE1F91-0ABA-D0AE-862F-4046E360C078}.Release|Any CPU.Build.0 = Release|Any CPU
	EndGlobalSection
	GlobalSection(SolutionProperties) = preSolution
		HideSolutionNode = FALSE
	EndGlobalSection
	GlobalSection(MonoDevelopProperties) = preSolution
		StartupItem = Assembly-CSharp.csproj
	EndGlobalSection
EndGlobal
